// !$*UTF8*$!
{
	archiveVersion = 1;
	classes = {
	};
	objectVersion = 55;
	objects = {

/* Begin PBXBuildFile section */
		2E82004D2883C7D900B9FBBC /* AppDelegate.swift in Sources */ = {isa = PBXBuildFile; fileRef = 2E82004C2883C7D900B9FBBC /* AppDelegate.swift */; };
		2E82004F2883C7D900B9FBBC /* SceneDelegate.swift in Sources */ = {isa = PBXBuildFile; fileRef = 2E82004E2883C7D900B9FBBC /* SceneDelegate.swift */; };
		2E8200512883C7D900B9FBBC /* ViewController.swift in Sources */ = {isa = PBXBuildFile; fileRef = 2E8200502883C7D900B9FBBC /* ViewController.swift */; };
		2E8200542883C7D900B9FBBC /* Main.storyboard in Resources */ = {isa = PBXBuildFile; fileRef = 2E8200522883C7D900B9FBBC /* Main.storyboard */; };
		2E8200562883C7DB00B9FBBC /* Assets.xcassets in Resources */ = {isa = PBXBuildFile; fileRef = 2E8200552883C7DB00B9FBBC /* Assets.xcassets */; };
		2E8200592883C7DB00B9FBBC /* LaunchScreen.storyboard in Resources */ = {isa = PBXBuildFile; fileRef = 2E8200572883C7DB00B9FBBC /* LaunchScreen.storyboard */; };
		2E8200632883CC3A00B9FBBC /* YoutubeSearchViewController.swift in Sources */ = {isa = PBXBuildFile; fileRef = 2E8200612883CC3A00B9FBBC /* YoutubeSearchViewController.swift */; };
		2E8200642883CC3A00B9FBBC /* YoutubeSearchViewController.xib in Resources */ = {isa = PBXBuildFile; fileRef = 2E8200622883CC3A00B9FBBC /* YoutubeSearchViewController.xib */; };
		2E82006B2883CCBD00B9FBBC /* YoutubeSearchTableViewCell.swift in Sources */ = {isa = PBXBuildFile; fileRef = 2E8200692883CCBD00B9FBBC /* YoutubeSearchTableViewCell.swift */; };
		2E82006C2883CCBD00B9FBBC /* YoutubeSearchTableViewCell.xib in Resources */ = {isa = PBXBuildFile; fileRef = 2E82006A2883CCBD00B9FBBC /* YoutubeSearchTableViewCell.xib */; };
		2E82006F2883CD1F00B9FBBC /* NSObject.swift in Sources */ = {isa = PBXBuildFile; fileRef = 2E82006E2883CD1E00B9FBBC /* NSObject.swift */; };
		2EAFE4A4288456FC00B332FE /* NetworkConstants.swift in Sources */ = {isa = PBXBuildFile; fileRef = 2EAFE4A3288456FC00B332FE /* NetworkConstants.swift */; };
		2EAFE4A7288457A600B332FE /* YoutubeRouter.swift in Sources */ = {isa = PBXBuildFile; fileRef = 2EAFE4A6288457A600B332FE /* YoutubeRouter.swift */; };
		2EAFE4AB28847D2400B332FE /* YoutubeVideoDetailViewController.swift in Sources */ = {isa = PBXBuildFile; fileRef = 2EAFE4A928847D2400B332FE /* YoutubeVideoDetailViewController.swift */; };
		2EAFE4AC28847D2400B332FE /* YoutubeVideoDetailViewController.xib in Resources */ = {isa = PBXBuildFile; fileRef = 2EAFE4AA28847D2400B332FE /* YoutubeVideoDetailViewController.xib */; };
		2EEA04942883EF680026E5A4 /* YoutubeSearchPretenser.swift in Sources */ = {isa = PBXBuildFile; fileRef = 2EEA04932883EF680026E5A4 /* YoutubeSearchPretenser.swift */; };
		345C600162EE7BEF309B0467 /* Pods_YouTubeSearch.framework in Frameworks */ = {isa = PBXBuildFile; fileRef = 56F5790E5F8F8B52DD1BFD66 /* Pods_YouTubeSearch.framework */; };
/* End PBXBuildFile section */

/* Begin PBXFileReference section */
		0B97729D183586FCE82BAA12 /* Pods-YouTubeSearch.debug.xcconfig */ = {isa = PBXFileReference; includeInIndex = 1; lastKnownFileType = text.xcconfig; name = "Pods-YouTubeSearch.debug.xcconfig"; path = "Target Support Files/Pods-YouTubeSearch/Pods-YouTubeSearch.debug.xcconfig"; sourceTree = "<group>"; };
		2E8200492883C7D900B9FBBC /* YouTubeSearch.app */ = {isa = PBXFileReference; explicitFileType = wrapper.application; includeInIndex = 0; path = YouTubeSearch.app; sourceTree = BUILT_PRODUCTS_DIR; };
		2E82004C2883C7D900B9FBBC /* AppDelegate.swift */ = {isa = PBXFileReference; lastKnownFileType = sourcecode.swift; path = AppDelegate.swift; sourceTree = "<group>"; };
		2E82004E2883C7D900B9FBBC /* SceneDelegate.swift */ = {isa = PBXFileReference; lastKnownFileType = sourcecode.swift; path = SceneDelegate.swift; sourceTree = "<group>"; };
		2E8200502883C7D900B9FBBC /* ViewController.swift */ = {isa = PBXFileReference; lastKnownFileType = sourcecode.swift; path = ViewController.swift; sourceTree = "<group>"; };
		2E8200532883C7D900B9FBBC /* Base */ = {isa = PBXFileReference; lastKnownFileType = file.storyboard; name = Base; path = Base.lproj/Main.storyboard; sourceTree = "<group>"; };
		2E8200552883C7DB00B9FBBC /* Assets.xcassets */ = {isa = PBXFileReference; lastKnownFileType = folder.assetcatalog; path = Assets.xcassets; sourceTree = "<group>"; };
		2E8200582883C7DB00B9FBBC /* Base */ = {isa = PBXFileReference; lastKnownFileType = file.storyboard; name = Base; path = Base.lproj/LaunchScreen.storyboard; sourceTree = "<group>"; };
		2E82005A2883C7DB00B9FBBC /* Info.plist */ = {isa = PBXFileReference; lastKnownFileType = text.plist.xml; path = Info.plist; sourceTree = "<group>"; };
		2E8200612883CC3A00B9FBBC /* YoutubeSearchViewController.swift */ = {isa = PBXFileReference; lastKnownFileType = sourcecode.swift; path = YoutubeSearchViewController.swift; sourceTree = "<group>"; };
		2E8200622883CC3A00B9FBBC /* YoutubeSearchViewController.xib */ = {isa = PBXFileReference; lastKnownFileType = file.xib; path = YoutubeSearchViewController.xib; sourceTree = "<group>"; };
		2E8200692883CCBD00B9FBBC /* YoutubeSearchTableViewCell.swift */ = {isa = PBXFileReference; lastKnownFileType = sourcecode.swift; path = YoutubeSearchTableViewCell.swift; sourceTree = "<group>"; };
		2E82006A2883CCBD00B9FBBC /* YoutubeSearchTableViewCell.xib */ = {isa = PBXFileReference; lastKnownFileType = file.xib; path = YoutubeSearchTableViewCell.xib; sourceTree = "<group>"; };
		2E82006E2883CD1E00B9FBBC /* NSObject.swift */ = {isa = PBXFileReference; lastKnownFileType = sourcecode.swift; path = NSObject.swift; sourceTree = "<group>"; };
		2EAFE4A3288456FC00B332FE /* NetworkConstants.swift */ = {isa = PBXFileReference; lastKnownFileType = sourcecode.swift; path = NetworkConstants.swift; sourceTree = "<group>"; };
		2EAFE4A6288457A600B332FE /* YoutubeRouter.swift */ = {isa = PBXFileReference; lastKnownFileType = sourcecode.swift; path = YoutubeRouter.swift; sourceTree = "<group>"; };
		2EAFE4A928847D2400B332FE /* YoutubeVideoDetailViewController.swift */ = {isa = PBXFileReference; lastKnownFileType = sourcecode.swift; path = YoutubeVideoDetailViewController.swift; sourceTree = "<group>"; };
		2EAFE4AA28847D2400B332FE /* YoutubeVideoDetailViewController.xib */ = {isa = PBXFileReference; lastKnownFileType = file.xib; path = YoutubeVideoDetailViewController.xib; sourceTree = "<group>"; };
		2EEA04932883EF680026E5A4 /* YoutubeSearchPretenser.swift */ = {isa = PBXFileReference; lastKnownFileType = sourcecode.swift; path = YoutubeSearchPretenser.swift; sourceTree = "<group>"; };
		56F5790E5F8F8B52DD1BFD66 /* Pods_YouTubeSearch.framework */ = {isa = PBXFileReference; explicitFileType = wrapper.framework; includeInIndex = 0; path = Pods_YouTubeSearch.framework; sourceTree = BUILT_PRODUCTS_DIR; };
		6369E711B52940A1B3AE01FF /* Pods-YouTubeSearch.release.xcconfig */ = {isa = PBXFileReference; includeInIndex = 1; lastKnownFileType = text.xcconfig; name = "Pods-YouTubeSearch.release.xcconfig"; path = "Target Support Files/Pods-YouTubeSearch/Pods-YouTubeSearch.release.xcconfig"; sourceTree = "<group>"; };
/* End PBXFileReference section */

/* Begin PBXFrameworksBuildPhase section */
		2E8200462883C7D900B9FBBC /* Frameworks */ = {
			isa = PBXFrameworksBuildPhase;
			buildActionMask = 2147483647;
			files = (
				345C600162EE7BEF309B0467 /* Pods_YouTubeSearch.framework in Frameworks */,
			);
			runOnlyForDeploymentPostprocessing = 0;
		};
/* End PBXFrameworksBuildPhase section */

/* Begin PBXGroup section */
		210D862EF7FE3F8946316F99 /* Pods */ = {
			isa = PBXGroup;
			children = (
				0B97729D183586FCE82BAA12 /* Pods-YouTubeSearch.debug.xcconfig */,
				6369E711B52940A1B3AE01FF /* Pods-YouTubeSearch.release.xcconfig */,
			);
			path = Pods;
			sourceTree = "<group>";
		};
		2E8200402883C7D900B9FBBC = {
			isa = PBXGroup;
			children = (
				2E82004B2883C7D900B9FBBC /* YouTubeSearch */,
				2E82004A2883C7D900B9FBBC /* Products */,
				210D862EF7FE3F8946316F99 /* Pods */,
				523DD2BD4B6F422DBDDC2C3D /* Frameworks */,
			);
			sourceTree = "<group>";
		};
		2E82004A2883C7D900B9FBBC /* Products */ = {
			isa = PBXGroup;
			children = (
				2E8200492883C7D900B9FBBC /* YouTubeSearch.app */,
			);
			name = Products;
			sourceTree = "<group>";
		};
		2E82004B2883C7D900B9FBBC /* YouTubeSearch */ = {
			isa = PBXGroup;
			children = (
				2EAFE4A52884576F00B332FE /* Network */,
				2EAFE4A2288456F100B332FE /* Constants */,
				2E82006D2883CD0D00B9FBBC /* Extensions */,
				2E8200602883CC2800B9FBBC /* View */,
				2E82004C2883C7D900B9FBBC /* AppDelegate.swift */,
				2E82004E2883C7D900B9FBBC /* SceneDelegate.swift */,
				2E8200502883C7D900B9FBBC /* ViewController.swift */,
				2E8200522883C7D900B9FBBC /* Main.storyboard */,
				2E8200552883C7DB00B9FBBC /* Assets.xcassets */,
				2E8200572883C7DB00B9FBBC /* LaunchScreen.storyboard */,
				2E82005A2883C7DB00B9FBBC /* Info.plist */,
			);
			path = YouTubeSearch;
			sourceTree = "<group>";
		};
		2E8200602883CC2800B9FBBC /* View */ = {
			isa = PBXGroup;
			children = (
				2EAFE4AD2884812500B332FE /* YoutubeSearch */,
				2EAFE4A828847CFB00B332FE /* YoutubeVideoDetail */,
			);
			path = View;
			sourceTree = "<group>";
		};
		2E8200682883CCA700B9FBBC /* Cell */ = {
			isa = PBXGroup;
			children = (
				2E8200692883CCBD00B9FBBC /* YoutubeSearchTableViewCell.swift */,
				2E82006A2883CCBD00B9FBBC /* YoutubeSearchTableViewCell.xib */,
			);
			path = Cell;
			sourceTree = "<group>";
		};
		2E82006D2883CD0D00B9FBBC /* Extensions */ = {
			isa = PBXGroup;
			children = (
				2E82006E2883CD1E00B9FBBC /* NSObject.swift */,
			);
			path = Extensions;
			sourceTree = "<group>";
		};
		2EAFE4A2288456F100B332FE /* Constants */ = {
			isa = PBXGroup;
			children = (
				2EAFE4A3288456FC00B332FE /* NetworkConstants.swift */,
			);
			path = Constants;
			sourceTree = "<group>";
		};
		2EAFE4A52884576F00B332FE /* Network */ = {
			isa = PBXGroup;
			children = (
				2EAFE4A6288457A600B332FE /* YoutubeRouter.swift */,
			);
			path = Network;
			sourceTree = "<group>";
		};
		2EAFE4A828847CFB00B332FE /* YoutubeVideoDetail */ = {
			isa = PBXGroup;
			children = (
				2EAFE4A928847D2400B332FE /* YoutubeVideoDetailViewController.swift */,
				2EAFE4AA28847D2400B332FE /* YoutubeVideoDetailViewController.xib */,
			);
			path = YoutubeVideoDetail;
			sourceTree = "<group>";
		};
		2EAFE4AD2884812500B332FE /* YoutubeSearch */ = {
			isa = PBXGroup;
			children = (
				2E8200682883CCA700B9FBBC /* Cell */,
				2E8200612883CC3A00B9FBBC /* YoutubeSearchViewController.swift */,
				2EEA04932883EF680026E5A4 /* YoutubeSearchPretenser.swift */,
				2E8200622883CC3A00B9FBBC /* YoutubeSearchViewController.xib */,
			);
			path = YoutubeSearch;
			sourceTree = "<group>";
		};
		523DD2BD4B6F422DBDDC2C3D /* Frameworks */ = {
			isa = PBXGroup;
			children = (
				56F5790E5F8F8B52DD1BFD66 /* Pods_YouTubeSearch.framework */,
			);
			name = Frameworks;
			sourceTree = "<group>";
		};
/* End PBXGroup section */

/* Begin PBXNativeTarget section */
		2E8200482883C7D900B9FBBC /* YouTubeSearch */ = {
			isa = PBXNativeTarget;
			buildConfigurationList = 2E82005D2883C7DB00B9FBBC /* Build configuration list for PBXNativeTarget "YouTubeSearch" */;
			buildPhases = (
				E0122D90D3AA6538A815E827 /* [CP] Check Pods Manifest.lock */,
				2E8200452883C7D900B9FBBC /* Sources */,
				2E8200462883C7D900B9FBBC /* Frameworks */,
				2E8200472883C7D900B9FBBC /* Resources */,
				79D031794FC6979955FB442C /* [CP] Embed Pods Frameworks */,
			);
			buildRules = (
			);
			dependencies = (
			);
			name = YouTubeSearch;
			productName = YouTubeSearch;
			productReference = 2E8200492883C7D900B9FBBC /* YouTubeSearch.app */;
			productType = "com.apple.product-type.application";
		};
/* End PBXNativeTarget section */

/* Begin PBXProject section */
		2E8200412883C7D900B9FBBC /* Project object */ = {
			isa = PBXProject;
			attributes = {
				BuildIndependentTargetsInParallel = 1;
				LastSwiftUpdateCheck = 1340;
				LastUpgradeCheck = 1340;
				TargetAttributes = {
					2E8200482883C7D900B9FBBC = {
						CreatedOnToolsVersion = 13.4.1;
					};
				};
			};
			buildConfigurationList = 2E8200442883C7D900B9FBBC /* Build configuration list for PBXProject "YouTubeSearch" */;
			compatibilityVersion = "Xcode 13.0";
			developmentRegion = en;
			hasScannedForEncodings = 0;
			knownRegions = (
				en,
				Base,
			);
			mainGroup = 2E8200402883C7D900B9FBBC;
			productRefGroup = 2E82004A2883C7D900B9FBBC /* Products */;
			projectDirPath = "";
			projectRoot = "";
			targets = (
				2E8200482883C7D900B9FBBC /* YouTubeSearch */,
			);
		};
/* End PBXProject section */

/* Begin PBXResourcesBuildPhase section */
		2E8200472883C7D900B9FBBC /* Resources */ = {
			isa = PBXResourcesBuildPhase;
			buildActionMask = 2147483647;
			files = (
				2E8200592883C7DB00B9FBBC /* LaunchScreen.storyboard in Resources */,
				2E8200562883C7DB00B9FBBC /* Assets.xcassets in Resources */,
				2E8200642883CC3A00B9FBBC /* YoutubeSearchViewController.xib in Resources */,
				2EAFE4AC28847D2400B332FE /* YoutubeVideoDetailViewController.xib in Resources */,
				2E8200542883C7D900B9FBBC /* Main.storyboard in Resources */,
				2E82006C2883CCBD00B9FBBC /* YoutubeSearchTableViewCell.xib in Resources */,
			);
			runOnlyForDeploymentPostprocessing = 0;
		};
/* End PBXResourcesBuildPhase section */

/* Begin PBXShellScriptBuildPhase section */
		79D031794FC6979955FB442C /* [CP] Embed Pods Frameworks */ = {
			isa = PBXShellScriptBuildPhase;
			buildActionMask = 2147483647;
			files = (
			);
			inputFileListPaths = (
				"${PODS_ROOT}/Target Support Files/Pods-YouTubeSearch/Pods-YouTubeSearch-frameworks-${CONFIGURATION}-input-files.xcfilelist",
			);
			name = "[CP] Embed Pods Frameworks";
			outputFileListPaths = (
				"${PODS_ROOT}/Target Support Files/Pods-YouTubeSearch/Pods-YouTubeSearch-frameworks-${CONFIGURATION}-output-files.xcfilelist",
			);
			runOnlyForDeploymentPostprocessing = 0;
			shellPath = /bin/sh;
			shellScript = "\"${PODS_ROOT}/Target Support Files/Pods-YouTubeSearch/Pods-YouTubeSearch-frameworks.sh\"\n";
			showEnvVarsInLog = 0;
		};
		E0122D90D3AA6538A815E827 /* [CP] Check Pods Manifest.lock */ = {
			isa = PBXShellScriptBuildPhase;
			buildActionMask = 2147483647;
			files = (
			);
			inputFileListPaths = (
			);
			inputPaths = (
				"${PODS_PODFILE_DIR_PATH}/Podfile.lock",
				"${PODS_ROOT}/Manifest.lock",
			);
			name = "[CP] Check Pods Manifest.lock";
			outputFileListPaths = (
			);
			outputPaths = (
				"$(DERIVED_FILE_DIR)/Pods-YouTubeSearch-checkManifestLockResult.txt",
			);
			runOnlyForDeploymentPostprocessing = 0;
			shellPath = /bin/sh;
			shellScript = "diff \"${PODS_PODFILE_DIR_PATH}/Podfile.lock\" \"${PODS_ROOT}/Manifest.lock\" > /dev/null\nif [ $? != 0 ] ; then\n    # print error to STDERR\n    echo \"error: The sandbox is not in sync with the Podfile.lock. Run 'pod install' or update your CocoaPods installation.\" >&2\n    exit 1\nfi\n# This output is used by Xcode 'outputs' to avoid re-running this script phase.\necho \"SUCCESS\" > \"${SCRIPT_OUTPUT_FILE_0}\"\n";
			showEnvVarsInLog = 0;
		};
/* End PBXShellScriptBuildPhase section */

/* Begin PBXSourcesBuildPhase section */
		2E8200452883C7D900B9FBBC /* Sources */ = {
			isa = PBXSourcesBuildPhase;
			buildActionMask = 2147483647;
			files = (
				2EAFE4A4288456FC00B332FE /* NetworkConstants.swift in Sources */,
				2EEA04942883EF680026E5A4 /* YoutubeSearchPretenser.swift in Sources */,
				2E8200512883C7D900B9FBBC /* ViewController.swift in Sources */,
				2EAFE4A7288457A600B332FE /* YoutubeRouter.swift in Sources */,
				2E82004D2883C7D900B9FBBC /* AppDelegate.swift in Sources */,
				2E8200632883CC3A00B9FBBC /* YoutubeSearchViewController.swift in Sources */,
				2E82006F2883CD1F00B9FBBC /* NSObject.swift in Sources */,
				2E82004F2883C7D900B9FBBC /* SceneDelegate.swift in Sources */,
				2E82006B2883CCBD00B9FBBC /* YoutubeSearchTableViewCell.swift in Sources */,
				2EAFE4AB28847D2400B332FE /* YoutubeVideoDetailViewController.swift in Sources */,
			);
			runOnlyForDeploymentPostprocessing = 0;
		};
/* End PBXSourcesBuildPhase section */

/* Begin PBXVariantGroup section */
		2E8200522883C7D900B9FBBC /* Main.storyboard */ = {
			isa = PBXVariantGroup;
			children = (
				2E8200532883C7D900B9FBBC /* Base */,
			);
			name = Main.storyboard;
			sourceTree = "<group>";
		};
		2E8200572883C7DB00B9FBBC /* LaunchScreen.storyboard */ = {
			isa = PBXVariantGroup;
			children = (
				2E8200582883C7DB00B9FBBC /* Base */,
			);
			name = LaunchScreen.storyboard;
			sourceTree = "<group>";
		};
/* End PBXVariantGroup section */

/* Begin XCBuildConfiguration section */
		2E82005B2883C7DB00B9FBBC /* Debug */ = {
			isa = XCBuildConfiguration;
			buildSettings = {
				ALWAYS_SEARCH_USER_PATHS = NO;
				CLANG_ANALYZER_NONNULL = YES;
				CLANG_ANALYZER_NUMBER_OBJECT_CONVERSION = YES_AGGRESSIVE;
				CLANG_CXX_LANGUAGE_STANDARD = "gnu++17";
				CLANG_ENABLE_MODULES = YES;
				CLANG_ENABLE_OBJC_ARC = YES;
				CLANG_ENABLE_OBJC_WEAK = YES;
				CLANG_WARN_BLOCK_CAPTURE_AUTORELEASING = YES;
				CLANG_WARN_BOOL_CONVERSION = YES;
				CLANG_WARN_COMMA = YES;
				CLANG_WARN_CONSTANT_CONVERSION = YES;
				CLANG_WARN_DEPRECATED_OBJC_IMPLEMENTATIONS = YES;
				CLANG_WARN_DIRECT_OBJC_ISA_USAGE = YES_ERROR;
				CLANG_WARN_DOCUMENTATION_COMMENTS = YES;
				CLANG_WARN_EMPTY_BODY = YES;
				CLANG_WARN_ENUM_CONVERSION = YES;
				CLANG_WARN_INFINITE_RECURSION = YES;
				CLANG_WARN_INT_CONVERSION = YES;
				CLANG_WARN_NON_LITERAL_NULL_CONVERSION = YES;
				CLANG_WARN_OBJC_IMPLICIT_RETAIN_SELF = YES;
				CLANG_WARN_OBJC_LITERAL_CONVERSION = YES;
				CLANG_WARN_OBJC_ROOT_CLASS = YES_ERROR;
				CLANG_WARN_QUOTED_INCLUDE_IN_FRAMEWORK_HEADER = YES;
				CLANG_WARN_RANGE_LOOP_ANALYSIS = YES;
				CLANG_WARN_STRICT_PROTOTYPES = YES;
				CLANG_WARN_SUSPICIOUS_MOVE = YES;
				CLANG_WARN_UNGUARDED_AVAILABILITY = YES_AGGRESSIVE;
				CLANG_WARN_UNREACHABLE_CODE = YES;
				CLANG_WARN__DUPLICATE_METHOD_MATCH = YES;
				COPY_PHASE_STRIP = NO;
				DEBUG_INFORMATION_FORMAT = dwarf;
				ENABLE_STRICT_OBJC_MSGSEND = YES;
				ENABLE_TESTABILITY = YES;
				GCC_C_LANGUAGE_STANDARD = gnu11;
				GCC_DYNAMIC_NO_PIC = NO;
				GCC_NO_COMMON_BLOCKS = YES;
				GCC_OPTIMIZATION_LEVEL = 0;
				GCC_PREPROCESSOR_DEFINITIONS = (
					"DEBUG=1",
					"$(inherited)",
				);
				GCC_WARN_64_TO_32_BIT_CONVERSION = YES;
				GCC_WARN_ABOUT_RETURN_TYPE = YES_ERROR;
				GCC_WARN_UNDECLARED_SELECTOR = YES;
				GCC_WARN_UNINITIALIZED_AUTOS = YES_AGGRESSIVE;
				GCC_WARN_UNUSED_FUNCTION = YES;
				GCC_WARN_UNUSED_VARIABLE = YES;
				IPHONEOS_DEPLOYMENT_TARGET = 15.5;
				MTL_ENABLE_DEBUG_INFO = INCLUDE_SOURCE;
				MTL_FAST_MATH = YES;
				ONLY_ACTIVE_ARCH = YES;
				SDKROOT = iphoneos;
				SWIFT_ACTIVE_COMPILATION_CONDITIONS = DEBUG;
				SWIFT_OPTIMIZATION_LEVEL = "-Onone";
			};
			name = Debug;
		};
		2E82005C2883C7DB00B9FBBC /* Release */ = {
			isa = XCBuildConfiguration;
			buildSettings = {
				ALWAYS_SEARCH_USER_PATHS = NO;
				CLANG_ANALYZER_NONNULL = YES;
				CLANG_ANALYZER_NUMBER_OBJECT_CONVERSION = YES_AGGRESSIVE;
				CLANG_CXX_LANGUAGE_STANDARD = "gnu++17";
				CLANG_ENABLE_MODULES = YES;
				CLANG_ENABLE_OBJC_ARC = YES;
				CLANG_ENABLE_OBJC_WEAK = YES;
				CLANG_WARN_BLOCK_CAPTURE_AUTORELEASING = YES;
				CLANG_WARN_BOOL_CONVERSION = YES;
				CLANG_WARN_COMMA = YES;
				CLANG_WARN_CONSTANT_CONVERSION = YES;
				CLANG_WARN_DEPRECATED_OBJC_IMPLEMENTATIONS = YES;
				CLANG_WARN_DIRECT_OBJC_ISA_USAGE = YES_ERROR;
				CLANG_WARN_DOCUMENTATION_COMMENTS = YES;
				CLANG_WARN_EMPTY_BODY = YES;
				CLANG_WARN_ENUM_CONVERSION = YES;
				CLANG_WARN_INFINITE_RECURSION = YES;
				CLANG_WARN_INT_CONVERSION = YES;
				CLANG_WARN_NON_LITERAL_NULL_CONVERSION = YES;
				CLANG_WARN_OBJC_IMPLICIT_RETAIN_SELF = YES;
				CLANG_WARN_OBJC_LITERAL_CONVERSION = YES;
				CLANG_WARN_OBJC_ROOT_CLASS = YES_ERROR;
				CLANG_WARN_QUOTED_INCLUDE_IN_FRAMEWORK_HEADER = YES;
				CLANG_WARN_RANGE_LOOP_ANALYSIS = YES;
				CLANG_WARN_STRICT_PROTOTYPES = YES;
				CLANG_WARN_SUSPICIOUS_MOVE = YES;
				CLANG_WARN_UNGUARDED_AVAILABILITY = YES_AGGRESSIVE;
				CLANG_WARN_UNREACHABLE_CODE = YES;
				CLANG_WARN__DUPLICATE_METHOD_MATCH = YES;
				COPY_PHASE_STRIP = NO;
				DEBUG_INFORMATION_FORMAT = "dwarf-with-dsym";
				ENABLE_NS_ASSERTIONS = NO;
				ENABLE_STRICT_OBJC_MSGSEND = YES;
				GCC_C_LANGUAGE_STANDARD = gnu11;
				GCC_NO_COMMON_BLOCKS = YES;
				GCC_WARN_64_TO_32_BIT_CONVERSION = YES;
				GCC_WARN_ABOUT_RETURN_TYPE = YES_ERROR;
				GCC_WARN_UNDECLARED_SELECTOR = YES;
				GCC_WARN_UNINITIALIZED_AUTOS = YES_AGGRESSIVE;
				GCC_WARN_UNUSED_FUNCTION = YES;
				GCC_WARN_UNUSED_VARIABLE = YES;
				IPHONEOS_DEPLOYMENT_TARGET = 15.5;
				MTL_ENABLE_DEBUG_INFO = NO;
				MTL_FAST_MATH = YES;
				SDKROOT = iphoneos;
				SWIFT_COMPILATION_MODE = wholemodule;
				SWIFT_OPTIMIZATION_LEVEL = "-O";
				VALIDATE_PRODUCT = YES;
			};
			name = Release;
		};
		2E82005E2883C7DB00B9FBBC /* Debug */ = {
			isa = XCBuildConfiguration;
			baseConfigurationReference = 0B97729D183586FCE82BAA12 /* Pods-YouTubeSearch.debug.xcconfig */;
			buildSettings = {
				ASSETCATALOG_COMPILER_APPICON_NAME = AppIcon;
				ASSETCATALOG_COMPILER_GLOBAL_ACCENT_COLOR_NAME = AccentColor;
				CODE_SIGN_STYLE = Automatic;
				CURRENT_PROJECT_VERSION = 1;
				GENERATE_INFOPLIST_FILE = YES;
				INFOPLIST_FILE = YouTubeSearch/Info.plist;
				INFOPLIST_KEY_UIApplicationSupportsIndirectInputEvents = YES;
				INFOPLIST_KEY_UILaunchStoryboardName = LaunchScreen;
				INFOPLIST_KEY_UIMainStoryboardFile = Main;
				INFOPLIST_KEY_UISupportedInterfaceOrientations_iPad = "UIInterfaceOrientationPortrait UIInterfaceOrientationPortraitUpsideDown UIInterfaceOrientationLandscapeLeft UIInterfaceOrientationLandscapeRight";
				INFOPLIST_KEY_UISupportedInterfaceOrientations_iPhone = "UIInterfaceOrientationPortrait UIInterfaceOrientationLandscapeLeft UIInterfaceOrientationLandscapeRight";
				IPHONEOS_DEPLOYMENT_TARGET = 14.0;
				LD_RUNPATH_SEARCH_PATHS = (
					"$(inherited)",
					"@executable_path/Frameworks",
				);
				MARKETING_VERSION = 1.0;
				PRODUCT_BUNDLE_IDENTIFIER = peter.com.YouTubeSearch;
				PRODUCT_NAME = "$(TARGET_NAME)";
				SWIFT_EMIT_LOC_STRINGS = YES;
				SWIFT_VERSION = 5.0;
				TARGETED_DEVICE_FAMILY = "1,2";
			};
			name = Debug;
		};
		2E82005F2883C7DB00B9FBBC /* Release */ = {
			isa = XCBuildConfiguration;
			baseConfigurationReference = 6369E711B52940A1B3AE01FF /* Pods-YouTubeSearch.release.xcconfig */;
			buildSettings = {
				ASSETCATALOG_COMPILER_APPICON_NAME = AppIcon;
				ASSETCATALOG_COMPILER_GLOBAL_ACCENT_COLOR_NAME = AccentColor;
				CODE_SIGN_STYLE = Automatic;
				CURRENT_PROJECT_VERSION = 1;
				GENERATE_INFOPLIST_FILE = YES;
				INFOPLIST_FILE = YouTubeSearch/Info.plist;
				INFOPLIST_KEY_UIApplicationSupportsIndirectInputEvents = YES;
				INFOPLIST_KEY_UILaunchStoryboardName = LaunchScreen;
				INFOPLIST_KEY_UIMainStoryboardFile = Main;
				INFOPLIST_KEY_UISupportedInterfaceOrientations_iPad = "UIInterfaceOrientationPortrait UIInterfaceOrientationPortraitUpsideDown UIInterfaceOrientationLandscapeLeft UIInterfaceOrientationLandscapeRight";
				INFOPLIST_KEY_UISupportedInterfaceOrientations_iPhone = "UIInterfaceOrientationPortrait UIInterfaceOrientationLandscapeLeft UIInterfaceOrientationLandscapeRight";
				IPHONEOS_DEPLOYMENT_TARGET = 14.0;
				LD_RUNPATH_SEARCH_PATHS = (
					"$(inherited)",
					"@executable_path/Frameworks",
				);
				MARKETING_VERSION = 1.0;
				PRODUCT_BUNDLE_IDENTIFIER = peter.com.YouTubeSearch;
				PRODUCT_NAME = "$(TARGET_NAME)";
				SWIFT_EMIT_LOC_STRINGS = YES;
				SWIFT_VERSION = 5.0;
				TARGETED_DEVICE_FAMILY = "1,2";
			};
			name = Release;
		};
/* End XCBuildConfiguration section */

/* Begin XCConfigurationList section */
		2E8200442883C7D900B9FBBC /* Build configuration list for PBXProject "YouTubeSearch" */ = {
			isa = XCConfigurationList;
			buildConfigurations = (
				2E82005B2883C7DB00B9FBBC /* Debug */,
				2E82005C2883C7DB00B9FBBC /* Release */,
			);
			defaultConfigurationIsVisible = 0;
			defaultConfigurationName = Release;
		};
		2E82005D2883C7DB00B9FBBC /* Build configuration list for PBXNativeTarget "YouTubeSearch" */ = {
			isa = XCConfigurationList;
			buildConfigurations = (
				2E82005E2883C7DB00B9FBBC /* Debug */,
				2E82005F2883C7DB00B9FBBC /* Release */,
			);
			defaultConfigurationIsVisible = 0;
			defaultConfigurationName = Release;
		};
/* End XCConfigurationList section */
	};
	rootObject = 2E8200412883C7D900B9FBBC /* Project object */;
}
